Microsoft Visual Studio Solution File, Format Version 12.00
# Visual Studio Version 17
VisualStudioVersion = 17.5.2.0
MinimumVisualStudioVersion = 10.0.40219.1
Project("{FAE04EC0-301F-11D3-BF4B-00C04F79EFBC}") = "ActualitesApi", "backend\ActualitesApi.csproj", "{82B20DEA-7F55-D6CD-DFB8-F9968FDCFF29}"
EndProject
Global
	GlobalSection(SolutionConfigurationPlatforms) = preSolution
		Debug|Any CPU = Debug|Any CPU
		Release|Any CPU = Release|Any CPU
	EndGlobalSection
	GlobalSection(ProjectConfigurationPlatforms) = postSolution
		{82B20DEA-7F55-D6CD-DFB8-F9968FDCFF29}.Debug|Any CPU.ActiveCfg = Debug|Any CPU
		{82B20DEA-7F55-D6CD-DFB8-F9968FDCFF29}.Debug|Any CPU.Build.0 = Debug|Any CPU
		{82B20DEA-7F55-D6CD-DFB8-F9968FDCFF29}.Release|Any CPU.ActiveCfg = Release|Any CPU
		{82B20DEA-7F55-D6CD-DFB8-F9968FDCFF29}.Release|Any CPU.Build.0 = Release|Any CPU
	EndGlobalSection
	GlobalSection(SolutionProperties) = preSolution
		HideSolutionNode = FALSE
	EndGlobalSection
	GlobalSection(ExtensibilityGlobals) = postSolution
		SolutionGuid = {060E6EE2-C808-477C-8A31-0C5FA696F52B}
	EndGlobalSection
EndGlobal
